
Microsoft Visual Studio Solution File, Format Version 12.00
# Visual Studio 15
VisualStudioVersion = 15.0.27703.2042
MinimumVisualStudioVersion = 10.0.40219.1
Project("{2150E333-8FDC-42A3-9474-1A3956D46DE8}") = "Solution Items", "Solution Items", "{AAA977E8-7E22-4CCC-BB94-9ED564E958B0}"
	ProjectSection(SolutionItems) = preProject
		Readme.md = Readme.md
	EndProjectSection
EndProject
Project("{FAE04EC0-301F-11D3-BF4B-00C04F79EFBC}") = "Tsubaki.Addons.ConsoleTest", "test\Tsubaki.Addons.ConsoleTest\Tsubaki.Addons.ConsoleTest.csproj", "{61E56DC5-1302-4976-9F32-2F6FB38063BA}"
EndProject
Project("{FAE04EC0-301F-11D3-BF4B-00C04F79EFBC}") = "Tsubaki.Addons", "src\Tsubaki.Addons\Tsubaki.Addons.csproj", "{1C2356A5-C4F7-47F3-8506-CF7EBC753193}"
EndProject
Project("{FAE04EC0-301F-11D3-BF4B-00C04F79EFBC}") = "Tsubaki.Addons.Hosting", "src\Tsubaki.Addons.Hosting\Tsubaki.Addons.Hosting.csproj", "{4E813BE1-D07E-49D9-8405-AAB38587B796}"
EndProject
Global
	GlobalSection(SolutionConfigurationPlatforms) = preSolution
		Debug|Any CPU = Debug|Any CPU
		Release|Any CPU = Release|Any CPU
	EndGlobalSection
	GlobalSection(ProjectConfigurationPlatforms) = postSolution
		{61E56DC5-1302-4976-9F32-2F6FB38063BA}.Debug|Any CPU.ActiveCfg = Debug|Any CPU
		{61E56DC5-1302-4976-9F32-2F6FB38063BA}.Debug|Any CPU.Build.0 = Debug|Any CPU
		{61E56DC5-1302-4976-9F32-2F6FB38063BA}.Release|Any CPU.ActiveCfg = Release|Any CPU
		{61E56DC5-1302-4976-9F32-2F6FB38063BA}.Release|Any CPU.Build.0 = Release|Any CPU
		{1C2356A5-C4F7-47F3-8506-CF7EBC753193}.Debug|Any CPU.ActiveCfg = Debug|Any CPU
		{1C2356A5-C4F7-47F3-8506-CF7EBC753193}.Debug|Any CPU.Build.0 = Debug|Any CPU
		{1C2356A5-C4F7-47F3-8506-CF7EBC753193}.Release|Any CPU.ActiveCfg = Release|Any CPU
		{1C2356A5-C4F7-47F3-8506-CF7EBC753193}.Release|Any CPU.Build.0 = Release|Any CPU
		{4E813BE1-D07E-49D9-8405-AAB38587B796}.Debug|Any CPU.ActiveCfg = Debug|Any CPU
		{4E813BE1-D07E-49D9-8405-AAB38587B796}.Debug|Any CPU.Build.0 = Debug|Any CPU
		{4E813BE1-D07E-49D9-8405-AAB38587B796}.Release|Any CPU.ActiveCfg = Release|Any CPU
		{4E813BE1-D07E-49D9-8405-AAB38587B796}.Release|Any CPU.Build.0 = Release|Any CPU
	EndGlobalSection
	GlobalSection(SolutionProperties) = preSolution
		HideSolutionNode = FALSE
	EndGlobalSection
	GlobalSection(ExtensibilityGlobals) = postSolution
		SolutionGuid = {EBA6224A-F293-47B0-9BA4-9875F106F64D}
	EndGlobalSection
EndGlobal
